
Microsoft Visual Studio Solution File, Format Version 12.00
# Visual Studio Version 16
VisualStudioVersion = 16.0.30709.132
MinimumVisualStudioVersion = 10.0.40219.1
Project("{FAE04EC0-301F-11D3-BF4B-00C04F79EFBC}") = "myTest", "myTest\myTest.csproj", "{73FBC9B0-D511-44AE-8637-4EA21041BB47}"
EndProject
Global
	GlobalSection(SolutionConfigurationPlatforms) = preSolution
		Debug|Any CPU = Debug|Any CPU
		Release|Any CPU = Release|Any CPU
	EndGlobalSection
	GlobalSection(ProjectConfigurationPlatforms) = postSolution
		{73FBC9B0-D511-44AE-8637-4EA21041BB47}.Debug|Any CPU.ActiveCfg = Debug|Any CPU
		{73FBC9B0-D511-44AE-8637-4EA21041BB47}.Debug|Any CPU.Build.0 = Debug|Any CPU
		{73FBC9B0-D511-44AE-8637-4EA21041BB47}.Release|Any CPU.ActiveCfg = Release|Any CPU
		{73FBC9B0-D511-44AE-8637-4EA21041BB47}.Release|Any CPU.Build.0 = Release|Any CPU
	EndGlobalSection
	GlobalSection(SolutionProperties) = preSolution
		HideSolutionNode = FALSE
	EndGlobalSection
	GlobalSection(ExtensibilityGlobals) = postSolution
		SolutionGuid = {0AC438F0-E2E2-4064-96BD-73F105974F4C}
	EndGlobalSection
EndGlobal
